
Microsoft Visual Studio Solution File, Format Version 12.00
# Visual Studio Version 17
VisualStudioVersion = 17.2.32526.322
MinimumVisualStudioVersion = 10.0.40219.1
Project("{9A19103F-16F7-4668-BE54-9A1E7A4F7556}") = "Business", "Business\Business.csproj", "{F9A59B6D-4597-4411-855A-2F9CB19B4199}"
EndProject
Project("{9A19103F-16F7-4668-BE54-9A1E7A4F7556}") = "DataAccess", "DataAccess\DataAccess.csproj", "{4ECAA42F-19B2-4CD1-AA09-51D9E0072405}"
EndProject
Project("{9A19103F-16F7-4668-BE54-9A1E7A4F7556}") = "Entities", "Entities\Entities.csproj", "{10F855B1-7E42-4053-814E-6F5AAC5EE490}"
EndProject
Project("{9A19103F-16F7-4668-BE54-9A1E7A4F7556}") = "ConsoleUI", "ConsoleUI\ConsoleUI.csproj", "{9BBF45F5-2132-4ADE-BBD0-9793289C3259}"
EndProject
Project("{9A19103F-16F7-4668-BE54-9A1E7A4F7556}") = "Core", "Core\Core.csproj", "{5860C401-AAB8-412B-999D-95929CBBBF27}"
EndProject
Project("{FAE04EC0-301F-11D3-BF4B-00C04F79EFBC}") = "WebAPI", "WebAPI\WebAPI.csproj", "{5F8DBBD8-AA16-4FE2-93DE-085DD578D260}"
EndProject
Global
	GlobalSection(SolutionConfigurationPlatforms) = preSolution
		Debug|Any CPU = Debug|Any CPU
		Release|Any CPU = Release|Any CPU
	EndGlobalSection
	GlobalSection(ProjectConfigurationPlatforms) = postSolution
		{F9A59B6D-4597-4411-855A-2F9CB19B4199}.Debug|Any CPU.ActiveCfg = Debug|Any CPU
		{F9A59B6D-4597-4411-855A-2F9CB19B4199}.Debug|Any CPU.Build.0 = Debug|Any CPU
		{F9A59B6D-4597-4411-855A-2F9CB19B4199}.Release|Any CPU.ActiveCfg = Release|Any CPU
		{F9A59B6D-4597-4411-855A-2F9CB19B4199}.Release|Any CPU.Build.0 = Release|Any CPU
		{4ECAA42F-19B2-4CD1-AA09-51D9E0072405}.Debug|Any CPU.ActiveCfg = Debug|Any CPU
		{4ECAA42F-19B2-4CD1-AA09-51D9E0072405}.Debug|Any CPU.Build.0 = Debug|Any CPU
		{4ECAA42F-19B2-4CD1-AA09-51D9E0072405}.Release|Any CPU.ActiveCfg = Release|Any CPU
		{4ECAA42F-19B2-4CD1-AA09-51D9E0072405}.Release|Any CPU.Build.0 = Release|Any CPU
		{10F855B1-7E42-4053-814E-6F5AAC5EE490}.Debug|Any CPU.ActiveCfg = Debug|Any CPU
		{10F855B1-7E42-4053-814E-6F5AAC5EE490}.Debug|Any CPU.Build.0 = Debug|Any CPU
		{10F855B1-7E42-4053-814E-6F5AAC5EE490}.Release|Any CPU.ActiveCfg = Release|Any CPU
		{10F855B1-7E42-4053-814E-6F5AAC5EE490}.Release|Any CPU.Build.0 = Release|Any CPU
		{9BBF45F5-2132-4ADE-BBD0-9793289C3259}.Debug|Any CPU.ActiveCfg = Debug|Any CPU
		{9BBF45F5-2132-4ADE-BBD0-9793289C3259}.Debug|Any CPU.Build.0 = Debug|Any CPU
		{9BBF45F5-2132-4ADE-BBD0-9793289C3259}.Release|Any CPU.ActiveCfg = Release|Any CPU
		{9BBF45F5-2132-4ADE-BBD0-9793289C3259}.Release|Any CPU.Build.0 = Release|Any CPU
		{5860C401-AAB8-412B-999D-95929CBBBF27}.Debug|Any CPU.ActiveCfg = Debug|Any CPU
		{5860C401-AAB8-412B-999D-95929CBBBF27}.Debug|Any CPU.Build.0 = Debug|Any CPU
		{5860C401-AAB8-412B-999D-95929CBBBF27}.Release|Any CPU.ActiveCfg = Release|Any CPU
		{5860C401-AAB8-412B-999D-95929CBBBF27}.Release|Any CPU.Build.0 = Release|Any CPU
		{5F8DBBD8-AA16-4FE2-93DE-085DD578D260}.Debug|Any CPU.ActiveCfg = Debug|Any CPU
		{5F8DBBD8-AA16-4FE2-93DE-085DD578D260}.Debug|Any CPU.Build.0 = Debug|Any CPU
		{5F8DBBD8-AA16-4FE2-93DE-085DD578D260}.Release|Any CPU.ActiveCfg = Release|Any CPU
		{5F8DBBD8-AA16-4FE2-93DE-085DD578D260}.Release|Any CPU.Build.0 = Release|Any CPU
	EndGlobalSection
	GlobalSection(SolutionProperties) = preSolution
		HideSolutionNode = FALSE
	EndGlobalSection
	GlobalSection(ExtensibilityGlobals) = postSolution
		SolutionGuid = {7D37F27A-CE59-4DF1-B55A-4E513BB6F165}
	EndGlobalSection
EndGlobal
